
Microsoft Visual Studio Solution File, Format Version 12.00
# Visual Studio Version 16
VisualStudioVersion = 16.0.33027.164
MinimumVisualStudioVersion = 10.0.40219.1
Project("{FAE04EC0-301F-11D3-BF4B-00C04F79EFBC}") = "lab2ex1", "lab2ex1\lab2ex1.csproj", "{8FA35AE9-A549-4BDD-88D8-FE4A743849AA}"
EndProject
Global
	GlobalSection(SolutionConfigurationPlatforms) = preSolution
		Debug|Any CPU = Debug|Any CPU
		Release|Any CPU = Release|Any CPU
	EndGlobalSection
	GlobalSection(ProjectConfigurationPlatforms) = postSolution
		{8FA35AE9-A549-4BDD-88D8-FE4A743849AA}.Debug|Any CPU.ActiveCfg = Debug|Any CPU
		{8FA35AE9-A549-4BDD-88D8-FE4A743849AA}.Debug|Any CPU.Build.0 = Debug|Any CPU
		{8FA35AE9-A549-4BDD-88D8-FE4A743849AA}.Release|Any CPU.ActiveCfg = Release|Any CPU
		{8FA35AE9-A549-4BDD-88D8-FE4A743849AA}.Release|Any CPU.Build.0 = Release|Any CPU
	EndGlobalSection
	GlobalSection(SolutionProperties) = preSolution
		HideSolutionNode = FALSE
	EndGlobalSection
	GlobalSection(ExtensibilityGlobals) = postSolution
		SolutionGuid = {0D1F824E-FC44-4797-99E5-9AADEF859527}
	EndGlobalSection
EndGlobal
